
Microsoft Visual Studio Solution File, Format Version 12.00
# Visual Studio 14
VisualStudioVersion = 14.0.25420.1
MinimumVisualStudioVersion = 10.0.40219.1
Project("{FAE04EC0-301F-11D3-BF4B-00C04F79EFBC}") = "aliyun-net-sdk-core", "aliyun-net-sdk-core\aliyun-net-sdk-core.csproj", "{BB84CECB-295D-4772-A669-3726E511CCFA}"
EndProject
Project("{FAE04EC0-301F-11D3-BF4B-00C04F79EFBC}") = "aliyun-net-sdk-alidns", "aliyun-net-sdk-alidns\aliyun-net-sdk-alidns.csproj", "{A9A0C911-CE4D-4127-89C9-543E586D6447}"
EndProject
Project("{FAE04EC0-301F-11D3-BF4B-00C04F79EFBC}") = "DDNSClient.Common", "DDNSClient.Common\DDNSClient.Common.csproj", "{66F3E93F-1AE4-4F7C-874B-E82C84E60839}"
EndProject
Project("{FAE04EC0-301F-11D3-BF4B-00C04F79EFBC}") = "DDNSClient.Service", "DDNSClient.Service\DDNSClient.Service.csproj", "{C1D4EF3E-3B91-42A6-9148-8B6E28FC91FF}"
EndProject
Global
	GlobalSection(SolutionConfigurationPlatforms) = preSolution
		Debug|Any CPU = Debug|Any CPU
		Release|Any CPU = Release|Any CPU
	EndGlobalSection
	GlobalSection(ProjectConfigurationPlatforms) = postSolution
		{BB84CECB-295D-4772-A669-3726E511CCFA}.Debug|Any CPU.ActiveCfg = Debug|Any CPU
		{BB84CECB-295D-4772-A669-3726E511CCFA}.Debug|Any CPU.Build.0 = Debug|Any CPU
		{BB84CECB-295D-4772-A669-3726E511CCFA}.Release|Any CPU.ActiveCfg = Release|Any CPU
		{BB84CECB-295D-4772-A669-3726E511CCFA}.Release|Any CPU.Build.0 = Release|Any CPU
		{A9A0C911-CE4D-4127-89C9-543E586D6447}.Debug|Any CPU.ActiveCfg = Debug|Any CPU
		{A9A0C911-CE4D-4127-89C9-543E586D6447}.Debug|Any CPU.Build.0 = Debug|Any CPU
		{A9A0C911-CE4D-4127-89C9-543E586D6447}.Release|Any CPU.ActiveCfg = Release|Any CPU
		{A9A0C911-CE4D-4127-89C9-543E586D6447}.Release|Any CPU.Build.0 = Release|Any CPU
		{66F3E93F-1AE4-4F7C-874B-E82C84E60839}.Debug|Any CPU.ActiveCfg = Debug|Any CPU
		{66F3E93F-1AE4-4F7C-874B-E82C84E60839}.Debug|Any CPU.Build.0 = Debug|Any CPU
		{66F3E93F-1AE4-4F7C-874B-E82C84E60839}.Release|Any CPU.ActiveCfg = Release|Any CPU
		{66F3E93F-1AE4-4F7C-874B-E82C84E60839}.Release|Any CPU.Build.0 = Release|Any CPU
		{C1D4EF3E-3B91-42A6-9148-8B6E28FC91FF}.Debug|Any CPU.ActiveCfg = Debug|Any CPU
		{C1D4EF3E-3B91-42A6-9148-8B6E28FC91FF}.Debug|Any CPU.Build.0 = Debug|Any CPU
		{C1D4EF3E-3B91-42A6-9148-8B6E28FC91FF}.Release|Any CPU.ActiveCfg = Release|Any CPU
		{C1D4EF3E-3B91-42A6-9148-8B6E28FC91FF}.Release|Any CPU.Build.0 = Release|Any CPU
	EndGlobalSection
	GlobalSection(SolutionProperties) = preSolution
		HideSolutionNode = FALSE
	EndGlobalSection
EndGlobal
